
Microsoft Visual Studio Solution File, Format Version 12.00
# Visual Studio 15
Project("{FAE04EC0-301F-11D3-BF4B-00C04F79EFBC}") = "Assembly-CSharp", "Assembly-CSharp.csproj", "{FD6F0822-A062-938A-7FC1-22635649FAE0}"
EndProject
Global
	GlobalSection(SolutionConfigurationPlatforms) = preSolution
		Debug|Any CPU = Debug|Any CPU
		Release|Any CPU = Release|Any CPU
	EndGlobalSection
	GlobalSection(ProjectConfigurationPlatforms) = postSolution
		{FD6F0822-A062-938A-7FC1-22635649FAE0}.Debug|Any CPU.ActiveCfg = Debug|Any CPU
		{FD6F0822-A062-938A-7FC1-22635649FAE0}.Debug|Any CPU.Build.0 = Debug|Any CPU
		{FD6F0822-A062-938A-7FC1-22635649FAE0}.Release|Any CPU.ActiveCfg = Release|Any CPU
		{FD6F0822-A062-938A-7FC1-22635649FAE0}.Release|Any CPU.Build.0 = Release|Any CPU
	EndGlobalSection
	GlobalSection(SolutionProperties) = preSolution
		HideSolutionNode = FALSE
	EndGlobalSection
EndGlobal
